
Microsoft Visual Studio Solution File, Format Version 12.00
# Visual Studio Version 17
VisualStudioVersion = 17.0.31903.59
MinimumVisualStudioVersion = 10.0.40219.1
Project("{FAE04EC0-301F-11D3-BF4B-00C04F79EFBC}") = "TodoList", "TodoList\TodoList.csproj", "{F10480BB-5E03-4460-869E-7040EF4039A3}"
EndProject
Project("{FAE04EC0-301F-11D3-BF4B-00C04F79EFBC}") = "TodoList.Models", "TodoList.Models\TodoList.Models.csproj", "{254D5462-045F-4E6F-ABCF-476F2AEAB198}"
EndProject
Project("{FAE04EC0-301F-11D3-BF4B-00C04F79EFBC}") = "TodoList.API", "TodoList.API\TodoList.API.csproj", "{391DAFCE-91F0-4629-BA9B-C20956DBC793}"
EndProject
Global
	GlobalSection(SolutionConfigurationPlatforms) = preSolution
		Debug|Any CPU = Debug|Any CPU
		Release|Any CPU = Release|Any CPU
	EndGlobalSection
	GlobalSection(SolutionProperties) = preSolution
		HideSolutionNode = FALSE
	EndGlobalSection
	GlobalSection(ProjectConfigurationPlatforms) = postSolution
		{F10480BB-5E03-4460-869E-7040EF4039A3}.Debug|Any CPU.ActiveCfg = Debug|Any CPU
		{F10480BB-5E03-4460-869E-7040EF4039A3}.Debug|Any CPU.Build.0 = Debug|Any CPU
		{F10480BB-5E03-4460-869E-7040EF4039A3}.Release|Any CPU.ActiveCfg = Release|Any CPU
		{F10480BB-5E03-4460-869E-7040EF4039A3}.Release|Any CPU.Build.0 = Release|Any CPU
		{254D5462-045F-4E6F-ABCF-476F2AEAB198}.Debug|Any CPU.ActiveCfg = Debug|Any CPU
		{254D5462-045F-4E6F-ABCF-476F2AEAB198}.Debug|Any CPU.Build.0 = Debug|Any CPU
		{254D5462-045F-4E6F-ABCF-476F2AEAB198}.Release|Any CPU.ActiveCfg = Release|Any CPU
		{254D5462-045F-4E6F-ABCF-476F2AEAB198}.Release|Any CPU.Build.0 = Release|Any CPU
		{391DAFCE-91F0-4629-BA9B-C20956DBC793}.Debug|Any CPU.ActiveCfg = Debug|Any CPU
		{391DAFCE-91F0-4629-BA9B-C20956DBC793}.Debug|Any CPU.Build.0 = Debug|Any CPU
		{391DAFCE-91F0-4629-BA9B-C20956DBC793}.Release|Any CPU.ActiveCfg = Release|Any CPU
		{391DAFCE-91F0-4629-BA9B-C20956DBC793}.Release|Any CPU.Build.0 = Release|Any CPU
	EndGlobalSection
EndGlobal
